// !$*UTF8*$!
{
	archiveVersion = 1;
	classes = {
	};
	objectVersion = 46;
	objects = {

/* Begin PBXBuildFile section */
		6D4B39C21E15FB8600068878 /* CucumberishUITest.swift in Sources */ = {isa = PBXBuildFile; fileRef = 6D4B39C11E15FB8600068878 /* CucumberishUITest.swift */; };
		6D4B39C61E15FB8600068878 /* CucumberishUITest.m in Sources */ = {isa = PBXBuildFile; fileRef = 6D4B39C51E15FB8600068878 /* CucumberishUITest.m */; };
		6D4B3A3A1E15FBAD00068878 /* CCIFeaturesManager.m in Sources */ = {isa = PBXBuildFile; fileRef = 6D4B39D01E15FBAD00068878 /* CCIFeaturesManager.m */; };
		6D4B3A3B1E15FBAD00068878 /* CCIStepsManager.m in Sources */ = {isa = PBXBuildFile; fileRef = 6D4B39D21E15FBAD00068878 /* CCIStepsManager.m */; };
		6D4B3A3C1E15FBAD00068878 /* CCIArgument.m in Sources */ = {isa = PBXBuildFile; fileRef = 6D4B39D51E15FBAD00068878 /* CCIArgument.m */; };
		6D4B3A3D1E15FBAD00068878 /* CCIAroundHock.m in Sources */ = {isa = PBXBuildFile; fileRef = 6D4B39D71E15FBAD00068878 /* CCIAroundHock.m */; };
		6D4B3A3E1E15FBAD00068878 /* CCIBackground.m in Sources */ = {isa = PBXBuildFile; fileRef = 6D4B39D91E15FBAD00068878 /* CCIBackground.m */; };
		6D4B3A3F1E15FBAD00068878 /* CCIExample.m in Sources */ = {isa = PBXBuildFile; fileRef = 6D4B39DB1E15FBAD00068878 /* CCIExample.m */; };
		6D4B3A401E15FBAD00068878 /* CCIFeature.m in Sources */ = {isa = PBXBuildFile; fileRef = 6D4B39DD1E15FBAD00068878 /* CCIFeature.m */; };
		6D4B3A411E15FBAD00068878 /* CCIHock.m in Sources */ = {isa = PBXBuildFile; fileRef = 6D4B39DF1E15FBAD00068878 /* CCIHock.m */; };
		6D4B3A421E15FBAD00068878 /* CCILocation.m in Sources */ = {isa = PBXBuildFile; fileRef = 6D4B39E11E15FBAD00068878 /* CCILocation.m */; };
		6D4B3A431E15FBAD00068878 /* CCIScenarioDefinition.m in Sources */ = {isa = PBXBuildFile; fileRef = 6D4B39E31E15FBAD00068878 /* CCIScenarioDefinition.m */; };
		6D4B3A441E15FBAD00068878 /* CCIStep.m in Sources */ = {isa = PBXBuildFile; fileRef = 6D4B39E51E15FBAD00068878 /* CCIStep.m */; };
		6D4B3A451E15FBAD00068878 /* CCIStepDefinition.m in Sources */ = {isa = PBXBuildFile; fileRef = 6D4B39E71E15FBAD00068878 /* CCIStepDefinition.m */; };
		6D4B3A461E15FBAD00068878 /* Cucumberish.m in Sources */ = {isa = PBXBuildFile; fileRef = 6D4B39E91E15FBAD00068878 /* Cucumberish.m */; };
		6D4B3A471E15FBAD00068878 /* GHAstBuilder.m in Sources */ = {isa = PBXBuildFile; fileRef = 6D4B39ED1E15FBAD00068878 /* GHAstBuilder.m */; };
		6D4B3A481E15FBAD00068878 /* GHAstNode.m in Sources */ = {isa = PBXBuildFile; fileRef = 6D4B39EF1E15FBAD00068878 /* GHAstNode.m */; };
		6D4B3A491E15FBAD00068878 /* GHBackground.m in Sources */ = {isa = PBXBuildFile; fileRef = 6D4B39F11E15FBAD00068878 /* GHBackground.m */; };
		6D4B3A4A1E15FBAD00068878 /* GHComment.m in Sources */ = {isa = PBXBuildFile; fileRef = 6D4B39F31E15FBAD00068878 /* GHComment.m */; };
		6D4B3A4B1E15FBAD00068878 /* GHDataTable.m in Sources */ = {isa = PBXBuildFile; fileRef = 6D4B39F51E15FBAD00068878 /* GHDataTable.m */; };
		6D4B3A4C1E15FBAD00068878 /* GHDocString.m in Sources */ = {isa = PBXBuildFile; fileRef = 6D4B39F71E15FBAD00068878 /* GHDocString.m */; };
		6D4B3A4D1E15FBAD00068878 /* gherkin-languages.json in Resources */ = {isa = PBXBuildFile; fileRef = 6D4B39F81E15FBAD00068878 /* gherkin-languages.json */; };
		6D4B3A4E1E15FBAD00068878 /* GHExamples.m in Sources */ = {isa = PBXBuildFile; fileRef = 6D4B39FA1E15FBAD00068878 /* GHExamples.m */; };
		6D4B3A4F1E15FBAD00068878 /* GHFeature.m in Sources */ = {isa = PBXBuildFile; fileRef = 6D4B39FC1E15FBAD00068878 /* GHFeature.m */; };
		6D4B3A501E15FBAD00068878 /* GHGherkinDialect.m in Sources */ = {isa = PBXBuildFile; fileRef = 6D4B39FE1E15FBAD00068878 /* GHGherkinDialect.m */; };
		6D4B3A511E15FBAD00068878 /* GHGherkinDialectProvider.m in Sources */ = {isa = PBXBuildFile; fileRef = 6D4B3A001E15FBAD00068878 /* GHGherkinDialectProvider.m */; };
		6D4B3A521E15FBAD00068878 /* GHGherkinLanguageConstants.m in Sources */ = {isa = PBXBuildFile; fileRef = 6D4B3A031E15FBAD00068878 /* GHGherkinLanguageConstants.m */; };
		6D4B3A531E15FBAD00068878 /* GHGherkinLanguageSetting.m in Sources */ = {isa = PBXBuildFile; fileRef = 6D4B3A051E15FBAD00068878 /* GHGherkinLanguageSetting.m */; };
		6D4B3A541E15FBAD00068878 /* GHGherkinLine.m in Sources */ = {isa = PBXBuildFile; fileRef = 6D4B3A071E15FBAD00068878 /* GHGherkinLine.m */; };
		6D4B3A551E15FBAD00068878 /* GHGherkinLineSpan.m in Sources */ = {isa = PBXBuildFile; fileRef = 6D4B3A0A1E15FBAD00068878 /* GHGherkinLineSpan.m */; };
		6D4B3A561E15FBAD00068878 /* GHLocation.m in Sources */ = {isa = PBXBuildFile; fileRef = 6D4B3A111E15FBAD00068878 /* GHLocation.m */; };
		6D4B3A571E15FBAD00068878 /* GHNode.m in Sources */ = {isa = PBXBuildFile; fileRef = 6D4B3A131E15FBAD00068878 /* GHNode.m */; };
		6D4B3A581E15FBAD00068878 /* GHParser+Extensions.m in Sources */ = {isa = PBXBuildFile; fileRef = 6D4B3A151E15FBAD00068878 /* GHParser+Extensions.m */; };
		6D4B3A591E15FBAD00068878 /* GHParser.m in Sources */ = {isa = PBXBuildFile; fileRef = 6D4B3A171E15FBAD00068878 /* GHParser.m */; };
		6D4B3A5A1E15FBAD00068878 /* GHParserException.m in Sources */ = {isa = PBXBuildFile; fileRef = 6D4B3A191E15FBAD00068878 /* GHParserException.m */; };
		6D4B3A5B1E15FBAD00068878 /* GHScenario.m in Sources */ = {isa = PBXBuildFile; fileRef = 6D4B3A1B1E15FBAD00068878 /* GHScenario.m */; };
		6D4B3A5C1E15FBAD00068878 /* GHScenarioDefinition.m in Sources */ = {isa = PBXBuildFile; fileRef = 6D4B3A1D1E15FBAD00068878 /* GHScenarioDefinition.m */; };
		6D4B3A5D1E15FBAD00068878 /* GHScenarioOutline.m in Sources */ = {isa = PBXBuildFile; fileRef = 6D4B3A201E15FBAD00068878 /* GHScenarioOutline.m */; };
		6D4B3A5E1E15FBAD00068878 /* GHStep.m in Sources */ = {isa = PBXBuildFile; fileRef = 6D4B3A221E15FBAD00068878 /* GHStep.m */; };
		6D4B3A5F1E15FBAD00068878 /* GHStepArgument.m in Sources */ = {isa = PBXBuildFile; fileRef = 6D4B3A241E15FBAD00068878 /* GHStepArgument.m */; };
		6D4B3A601E15FBAD00068878 /* GHTableCell.m in Sources */ = {isa = PBXBuildFile; fileRef = 6D4B3A261E15FBAD00068878 /* GHTableCell.m */; };
		6D4B3A611E15FBAD00068878 /* GHTableRow.m in Sources */ = {isa = PBXBuildFile; fileRef = 6D4B3A281E15FBAD00068878 /* GHTableRow.m */; };
		6D4B3A621E15FBAD00068878 /* GHTag.m in Sources */ = {isa = PBXBuildFile; fileRef = 6D4B3A2A1E15FBAD00068878 /* GHTag.m */; };
		6D4B3A631E15FBAD00068878 /* GHToken.m in Sources */ = {isa = PBXBuildFile; fileRef = 6D4B3A2C1E15FBAD00068878 /* GHToken.m */; };
		6D4B3A641E15FBAD00068878 /* GHTokenMatcher.m in Sources */ = {isa = PBXBuildFile; fileRef = 6D4B3A2E1E15FBAD00068878 /* GHTokenMatcher.m */; };
		6D4B3A651E15FBAD00068878 /* GHTokenScanner.m in Sources */ = {isa = PBXBuildFile; fileRef = 6D4B3A301E15FBAD00068878 /* GHTokenScanner.m */; };
		6D4B3A661E15FBAD00068878 /* NSString+Trim.m in Sources */ = {isa = PBXBuildFile; fileRef = 6D4B3A321E15FBAD00068878 /* NSString+Trim.m */; };
		6D4B3A671E15FBAD00068878 /* NSArray+Hashes.m in Sources */ = {isa = PBXBuildFile; fileRef = 6D4B3A351E15FBAD00068878 /* NSArray+Hashes.m */; };
		6D4B3A681E15FBAD00068878 /* NSObject+Dictionary.m in Sources */ = {isa = PBXBuildFile; fileRef = 6D4B3A371E15FBAD00068878 /* NSObject+Dictionary.m */; };
		6D4B3A691E15FBAD00068878 /* NSString+Formatter.m in Sources */ = {isa = PBXBuildFile; fileRef = 6D4B3A391E15FBAD00068878 /* NSString+Formatter.m */; };
		6D4B3A6D1E15FCCC00068878 /* Features in Resources */ = {isa = PBXBuildFile; fileRef = 6D4B3A6C1E15FCCC00068878 /* Features */; };
		6D7788AA1E23864800FFA898 /* Bank.m in Sources */ = {isa = PBXBuildFile; fileRef = 6D7F7A241E15108B00DBD588 /* Bank.m */; };
		6D7F79FA1E15092A00DBD588 /* main.m in Sources */ = {isa = PBXBuildFile; fileRef = 6D7F79F91E15092A00DBD588 /* main.m */; };
		6D7F79FD1E15092A00DBD588 /* AppDelegate.m in Sources */ = {isa = PBXBuildFile; fileRef = 6D7F79FC1E15092A00DBD588 /* AppDelegate.m */; };
		6D7F7A001E15092A00DBD588 /* ViewController.m in Sources */ = {isa = PBXBuildFile; fileRef = 6D7F79FF1E15092A00DBD588 /* ViewController.m */; };
		6D7F7A031E15092A00DBD588 /* Main.storyboard in Resources */ = {isa = PBXBuildFile; fileRef = 6D7F7A011E15092A00DBD588 /* Main.storyboard */; };
		6D7F7A051E15092A00DBD588 /* Assets.xcassets in Resources */ = {isa = PBXBuildFile; fileRef = 6D7F7A041E15092A00DBD588 /* Assets.xcassets */; };
		6D7F7A081E15092A00DBD588 /* LaunchScreen.storyboard in Resources */ = {isa = PBXBuildFile; fileRef = 6D7F7A061E15092A00DBD588 /* LaunchScreen.storyboard */; };
		6D7F7A131E15092A00DBD588 /* SampleAppObjcTests.m in Sources */ = {isa = PBXBuildFile; fileRef = 6D7F7A121E15092A00DBD588 /* SampleAppObjcTests.m */; };
		6D7F7A1F1E150A9200DBD588 /* SAFSignInViewController.m in Sources */ = {isa = PBXBuildFile; fileRef = 6D7F7A1E1E150A9200DBD588 /* SAFSignInViewController.m */; };
		6D7F7A221E150CE800DBD588 /* SAFCaculateRevenueViewController.m in Sources */ = {isa = PBXBuildFile; fileRef = 6D7F7A211E150CE800DBD588 /* SAFCaculateRevenueViewController.m */; };
		6D7F7A251E15108B00DBD588 /* Bank.m in Sources */ = {isa = PBXBuildFile; fileRef = 6D7F7A241E15108B00DBD588 /* Bank.m */; };
/* End PBXBuildFile section */

/* Begin PBXContainerItemProxy section */
		6D4B3A6E1E15FE5700068878 /* PBXContainerItemProxy */ = {
			isa = PBXContainerItemProxy;
			containerPortal = 6D7F79ED1E15092A00DBD588 /* Project object */;
			proxyType = 1;
			remoteGlobalIDString = 6D7F79F41E15092A00DBD588;
			remoteInfo = SampleAppObjc;
		};
		6D7F7A0F1E15092A00DBD588 /* PBXContainerItemProxy */ = {
			isa = PBXContainerItemProxy;
			containerPortal = 6D7F79ED1E15092A00DBD588 /* Project object */;
			proxyType = 1;
			remoteGlobalIDString = 6D7F79F41E15092A00DBD588;
			remoteInfo = SampleAppObjc;
		};
/* End PBXContainerItemProxy section */

/* Begin PBXFileReference section */
		6D4B39BF1E15FB8600068878 /* CucumberishUITest.xctest */ = {isa = PBXFileReference; explicitFileType = wrapper.cfbundle; includeInIndex = 0; path = CucumberishUITest.xctest; sourceTree = BUILT_PRODUCTS_DIR; };
		6D4B39C11E15FB8600068878 /* CucumberishUITest.swift */ = {isa = PBXFileReference; lastKnownFileType = sourcecode.swift; path = CucumberishUITest.swift; sourceTree = "<group>"; };
		6D4B39C31E15FB8600068878 /* CucumberishUITest-Bridging-Header.h */ = {isa = PBXFileReference; lastKnownFileType = sourcecode.c.h; path = "CucumberishUITest-Bridging-Header.h"; sourceTree = "<group>"; };
		6D4B39C41E15FB8600068878 /* CucumberishUITest.h */ = {isa = PBXFileReference; lastKnownFileType = sourcecode.c.h; path = CucumberishUITest.h; sourceTree = "<group>"; };
		6D4B39C51E15FB8600068878 /* CucumberishUITest.m */ = {isa = PBXFileReference; lastKnownFileType = sourcecode.c.objc; path = CucumberishUITest.m; sourceTree = "<group>"; };
		6D4B39C71E15FB8600068878 /* Info.plist */ = {isa = PBXFileReference; lastKnownFileType = text.plist.xml; path = Info.plist; sourceTree = "<group>"; };
		6D4B39CD1E15FBAD00068878 /* CCIBlockDefinitions.h */ = {isa = PBXFileReference; fileEncoding = 4; lastKnownFileType = sourcecode.c.h; path = CCIBlockDefinitions.h; sourceTree = "<group>"; };
		6D4B39CF1E15FBAD00068878 /* CCIFeaturesManager.h */ = {isa = PBXFileReference; fileEncoding = 4; lastKnownFileType = sourcecode.c.h; path = CCIFeaturesManager.h; sourceTree = "<group>"; };
		6D4B39D01E15FBAD00068878 /* CCIFeaturesManager.m */ = {isa = PBXFileReference; fileEncoding = 4; lastKnownFileType = sourcecode.c.objc; path = CCIFeaturesManager.m; sourceTree = "<group>"; };
		6D4B39D11E15FBAD00068878 /* CCIStepsManager.h */ = {isa = PBXFileReference; fileEncoding = 4; lastKnownFileType = sourcecode.c.h; path = CCIStepsManager.h; sourceTree = "<group>"; };
		6D4B39D21E15FBAD00068878 /* CCIStepsManager.m */ = {isa = PBXFileReference; fileEncoding = 4; lastKnownFileType = sourcecode.c.objc; path = CCIStepsManager.m; sourceTree = "<group>"; };
		6D4B39D41E15FBAD00068878 /* CCIArgument.h */ = {isa = PBXFileReference; fileEncoding = 4; lastKnownFileType = sourcecode.c.h; path = CCIArgument.h; sourceTree = "<group>"; };
		6D4B39D51E15FBAD00068878 /* CCIArgument.m */ = {isa = PBXFileReference; fileEncoding = 4; lastKnownFileType = sourcecode.c.objc; path = CCIArgument.m; sourceTree = "<group>"; };
		6D4B39D61E15FBAD00068878 /* CCIAroundHock.h */ = {isa = PBXFileReference; fileEncoding = 4; lastKnownFileType = sourcecode.c.h; path = CCIAroundHock.h; sourceTree = "<group>"; };
		6D4B39D71E15FBAD00068878 /* CCIAroundHock.m */ = {isa = PBXFileReference; fileEncoding = 4; lastKnownFileType = sourcecode.c.objc; path = CCIAroundHock.m; sourceTree = "<group>"; };
		6D4B39D81E15FBAD00068878 /* CCIBackground.h */ = {isa = PBXFileReference; fileEncoding = 4; lastKnownFileType = sourcecode.c.h; path = CCIBackground.h; sourceTree = "<group>"; };
		6D4B39D91E15FBAD00068878 /* CCIBackground.m */ = {isa = PBXFileReference; fileEncoding = 4; lastKnownFileType = sourcecode.c.objc; path = CCIBackground.m; sourceTree = "<group>"; };
		6D4B39DA1E15FBAD00068878 /* CCIExample.h */ = {isa = PBXFileReference; fileEncoding = 4; lastKnownFileType = sourcecode.c.h; path = CCIExample.h; sourceTree = "<group>"; };
		6D4B39DB1E15FBAD00068878 /* CCIExample.m */ = {isa = PBXFileReference; fileEncoding = 4; lastKnownFileType = sourcecode.c.objc; path = CCIExample.m; sourceTree = "<group>"; };
		6D4B39DC1E15FBAD00068878 /* CCIFeature.h */ = {isa = PBXFileReference; fileEncoding = 4; lastKnownFileType = sourcecode.c.h; path = CCIFeature.h; sourceTree = "<group>"; };
		6D4B39DD1E15FBAD00068878 /* CCIFeature.m */ = {isa = PBXFileReference; fileEncoding = 4; lastKnownFileType = sourcecode.c.objc; path = CCIFeature.m; sourceTree = "<group>"; };
		6D4B39DE1E15FBAD00068878 /* CCIHock.h */ = {isa = PBXFileReference; fileEncoding = 4; lastKnownFileType = sourcecode.c.h; path = CCIHock.h; sourceTree = "<group>"; };
		6D4B39DF1E15FBAD00068878 /* CCIHock.m */ = {isa = PBXFileReference; fileEncoding = 4; lastKnownFileType = sourcecode.c.objc; path = CCIHock.m; sourceTree = "<group>"; };
		6D4B39E01E15FBAD00068878 /* CCILocation.h */ = {isa = PBXFileReference; fileEncoding = 4; lastKnownFileType = sourcecode.c.h; path = CCILocation.h; sourceTree = "<group>"; };
		6D4B39E11E15FBAD00068878 /* CCILocation.m */ = {isa = PBXFileReference; fileEncoding = 4; lastKnownFileType = sourcecode.c.objc; path = CCILocation.m; sourceTree = "<group>"; };
		6D4B39E21E15FBAD00068878 /* CCIScenarioDefinition.h */ = {isa = PBXFileReference; fileEncoding = 4; lastKnownFileType = sourcecode.c.h; path = CCIScenarioDefinition.h; sourceTree = "<group>"; };
		6D4B39E31E15FBAD00068878 /* CCIScenarioDefinition.m */ = {isa = PBXFileReference; fileEncoding = 4; lastKnownFileType = sourcecode.c.objc; path = CCIScenarioDefinition.m; sourceTree = "<group>"; };
		6D4B39E41E15FBAD00068878 /* CCIStep.h */ = {isa = PBXFileReference; fileEncoding = 4; lastKnownFileType = sourcecode.c.h; path = CCIStep.h; sourceTree = "<group>"; };
		6D4B39E51E15FBAD00068878 /* CCIStep.m */ = {isa = PBXFileReference; fileEncoding = 4; lastKnownFileType = sourcecode.c.objc; path = CCIStep.m; sourceTree = "<group>"; };
		6D4B39E61E15FBAD00068878 /* CCIStepDefinition.h */ = {isa = PBXFileReference; fileEncoding = 4; lastKnownFileType = sourcecode.c.h; path = CCIStepDefinition.h; sourceTree = "<group>"; };
		6D4B39E71E15FBAD00068878 /* CCIStepDefinition.m */ = {isa = PBXFileReference; fileEncoding = 4; lastKnownFileType = sourcecode.c.objc; path = CCIStepDefinition.m; sourceTree = "<group>"; };
		6D4B39E81E15FBAD00068878 /* Cucumberish.h */ = {isa = PBXFileReference; fileEncoding = 4; lastKnownFileType = sourcecode.c.h; path = Cucumberish.h; sourceTree = "<group>"; };
		6D4B39E91E15FBAD00068878 /* Cucumberish.m */ = {isa = PBXFileReference; fileEncoding = 4; lastKnownFileType = sourcecode.c.objc; path = Cucumberish.m; sourceTree = "<group>"; };
		6D4B39EC1E15FBAD00068878 /* GHAstBuilder.h */ = {isa = PBXFileReference; fileEncoding = 4; lastKnownFileType = sourcecode.c.h; path = GHAstBuilder.h; sourceTree = "<group>"; };
		6D4B39ED1E15FBAD00068878 /* GHAstBuilder.m */ = {isa = PBXFileReference; fileEncoding = 4; lastKnownFileType = sourcecode.c.objc; path = GHAstBuilder.m; sourceTree = "<group>"; };
		6D4B39EE1E15FBAD00068878 /* GHAstNode.h */ = {isa = PBXFileReference; fileEncoding = 4; lastKnownFileType = sourcecode.c.h; path = GHAstNode.h; sourceTree = "<group>"; };
		6D4B39EF1E15FBAD00068878 /* GHAstNode.m */ = {isa = PBXFileReference; fileEncoding = 4; lastKnownFileType = sourcecode.c.objc; path = GHAstNode.m; sourceTree = "<group>"; };
		6D4B39F01E15FBAD00068878 /* GHBackground.h */ = {isa = PBXFileReference; fileEncoding = 4; lastKnownFileType = sourcecode.c.h; path = GHBackground.h; sourceTree = "<group>"; };
		6D4B39F11E15FBAD00068878 /* GHBackground.m */ = {isa = PBXFileReference; fileEncoding = 4; lastKnownFileType = sourcecode.c.objc; path = GHBackground.m; sourceTree = "<group>"; };
		6D4B39F21E15FBAD00068878 /* GHComment.h */ = {isa = PBXFileReference; fileEncoding = 4; lastKnownFileType = sourcecode.c.h; path = GHComment.h; sourceTree = "<group>"; };
		6D4B39F31E15FBAD00068878 /* GHComment.m */ = {isa = PBXFileReference; fileEncoding = 4; lastKnownFileType = sourcecode.c.objc; path = GHComment.m; sourceTree = "<group>"; };
		6D4B39F41E15FBAD00068878 /* GHDataTable.h */ = {isa = PBXFileReference; fileEncoding = 4; lastKnownFileType = sourcecode.c.h; path = GHDataTable.h; sourceTree = "<group>"; };
		6D4B39F51E15FBAD00068878 /* GHDataTable.m */ = {isa = PBXFileReference; fileEncoding = 4; lastKnownFileType = sourcecode.c.objc; path = GHDataTable.m; sourceTree = "<group>"; };
		6D4B39F61E15FBAD00068878 /* GHDocString.h */ = {isa = PBXFileReference; fileEncoding = 4; lastKnownFileType = sourcecode.c.h; path = GHDocString.h; sourceTree = "<group>"; };
		6D4B39F71E15FBAD00068878 /* GHDocString.m */ = {isa = PBXFileReference; fileEncoding = 4; lastKnownFileType = sourcecode.c.objc; path = GHDocString.m; sourceTree = "<group>"; };
		6D4B39F81E15FBAD00068878 /* gherkin-languages.json */ = {isa = PBXFileReference; fileEncoding = 4; lastKnownFileType = text.json; path = "gherkin-languages.json"; sourceTree = "<group>"; };
		6D4B39F91E15FBAD00068878 /* GHExamples.h */ = {isa = PBXFileReference; fileEncoding = 4; lastKnownFileType = sourcecode.c.h; path = GHExamples.h; sourceTree = "<group>"; };
		6D4B39FA1E15FBAD00068878 /* GHExamples.m */ = {isa = PBXFileReference; fileEncoding = 4; lastKnownFileType = sourcecode.c.objc; path = GHExamples.m; sourceTree = "<group>"; };
		6D4B39FB1E15FBAD00068878 /* GHFeature.h */ = {isa = PBXFileReference; fileEncoding = 4; lastKnownFileType = sourcecode.c.h; path = GHFeature.h; sourceTree = "<group>"; };
		6D4B39FC1E15FBAD00068878 /* GHFeature.m */ = {isa = PBXFileReference; fileEncoding = 4; lastKnownFileType = sourcecode.c.objc; path = GHFeature.m; sourceTree = "<group>"; };
		6D4B39FD1E15FBAD00068878 /* GHGherkinDialect.h */ = {isa = PBXFileReference; fileEncoding = 4; lastKnownFileType = sourcecode.c.h; path = GHGherkinDialect.h; sourceTree = "<group>"; };
		6D4B39FE1E15FBAD00068878 /* GHGherkinDialect.m */ = {isa = PBXFileReference; fileEncoding = 4; lastKnownFileType = sourcecode.c.objc; path = GHGherkinDialect.m; sourceTree = "<group>"; };
		6D4B39FF1E15FBAD00068878 /* GHGherkinDialectProvider.h */ = {isa = PBXFileReference; fileEncoding = 4; lastKnownFileType = sourcecode.c.h; path = GHGherkinDialectProvider.h; sourceTree = "<group>"; };
		6D4B3A001E15FBAD00068878 /* GHGherkinDialectProvider.m */ = {isa = PBXFileReference; fileEncoding = 4; lastKnownFileType = sourcecode.c.objc; path = GHGherkinDialectProvider.m; sourceTree = "<group>"; };
		6D4B3A011E15FBAD00068878 /* GHGherkinDialectProviderProtocol.h */ = {isa = PBXFileReference; fileEncoding = 4; lastKnownFileType = sourcecode.c.h; path = GHGherkinDialectProviderProtocol.h; sourceTree = "<group>"; };
		6D4B3A021E15FBAD00068878 /* GHGherkinLanguageConstants.h */ = {isa = PBXFileReference; fileEncoding = 4; lastKnownFileType = sourcecode.c.h; path = GHGherkinLanguageConstants.h; sourceTree = "<group>"; };
		6D4B3A031E15FBAD00068878 /* GHGherkinLanguageConstants.m */ = {isa = PBXFileReference; fileEncoding = 4; lastKnownFileType = sourcecode.c.objc; path = GHGherkinLanguageConstants.m; sourceTree = "<group>"; };
		6D4B3A041E15FBAD00068878 /* GHGherkinLanguageSetting.h */ = {isa = PBXFileReference; fileEncoding = 4; lastKnownFileType = sourcecode.c.h; path = GHGherkinLanguageSetting.h; sourceTree = "<group>"; };
		6D4B3A051E15FBAD00068878 /* GHGherkinLanguageSetting.m */ = {isa = PBXFileReference; fileEncoding = 4; lastKnownFileType = sourcecode.c.objc; path = GHGherkinLanguageSetting.m; sourceTree = "<group>"; };
		6D4B3A061E15FBAD00068878 /* GHGherkinLine.h */ = {isa = PBXFileReference; fileEncoding = 4; lastKnownFileType = sourcecode.c.h; path = GHGherkinLine.h; sourceTree = "<group>"; };
		6D4B3A071E15FBAD00068878 /* GHGherkinLine.m */ = {isa = PBXFileReference; fileEncoding = 4; lastKnownFileType = sourcecode.c.objc; path = GHGherkinLine.m; sourceTree = "<group>"; };
		6D4B3A081E15FBAD00068878 /* GHGherkinLineProtocol.h */ = {isa = PBXFileReference; fileEncoding = 4; lastKnownFileType = sourcecode.c.h; path = GHGherkinLineProtocol.h; sourceTree = "<group>"; };
		6D4B3A091E15FBAD00068878 /* GHGherkinLineSpan.h */ = {isa = PBXFileReference; fileEncoding = 4; lastKnownFileType = sourcecode.c.h; path = GHGherkinLineSpan.h; sourceTree = "<group>"; };
		6D4B3A0A1E15FBAD00068878 /* GHGherkinLineSpan.m */ = {isa = PBXFileReference; fileEncoding = 4; lastKnownFileType = sourcecode.c.objc; path = GHGherkinLineSpan.m; sourceTree = "<group>"; };
		6D4B3A0B1E15FBAD00068878 /* GHHasDescriptionProtocol.h */ = {isa = PBXFileReference; fileEncoding = 4; lastKnownFileType = sourcecode.c.h; path = GHHasDescriptionProtocol.h; sourceTree = "<group>"; };
		6D4B3A0C1E15FBAD00068878 /* GHHasLocationProtocol.h */ = {isa = PBXFileReference; fileEncoding = 4; lastKnownFileType = sourcecode.c.h; path = GHHasLocationProtocol.h; sourceTree = "<group>"; };
		6D4B3A0D1E15FBAD00068878 /* GHHasRowsProtocol.h */ = {isa = PBXFileReference; fileEncoding = 4; lastKnownFileType = sourcecode.c.h; path = GHHasRowsProtocol.h; sourceTree = "<group>"; };
		6D4B3A0E1E15FBAD00068878 /* GHHasStepsProtocol.h */ = {isa = PBXFileReference; fileEncoding = 4; lastKnownFileType = sourcecode.c.h; path = GHHasStepsProtocol.h; sourceTree = "<group>"; };
		6D4B3A0F1E15FBAD00068878 /* GHHasTagsProtocol.h */ = {isa = PBXFileReference; fileEncoding = 4; lastKnownFileType = sourcecode.c.h; path = GHHasTagsProtocol.h; sourceTree = "<group>"; };
		6D4B3A101E15FBAD00068878 /* GHLocation.h */ = {isa = PBXFileReference; fileEncoding = 4; lastKnownFileType = sourcecode.c.h; path = GHLocation.h; sourceTree = "<group>"; };
		6D4B3A111E15FBAD00068878 /* GHLocation.m */ = {isa = PBXFileReference; fileEncoding = 4; lastKnownFileType = sourcecode.c.objc; path = GHLocation.m; sourceTree = "<group>"; };
		6D4B3A121E15FBAD00068878 /* GHNode.h */ = {isa = PBXFileReference; fileEncoding = 4; lastKnownFileType = sourcecode.c.h; path = GHNode.h; sourceTree = "<group>"; };
		6D4B3A131E15FBAD00068878 /* GHNode.m */ = {isa = PBXFileReference; fileEncoding = 4; lastKnownFileType = sourcecode.c.objc; path = GHNode.m; sourceTree = "<group>"; };
		6D4B3A141E15FBAD00068878 /* GHParser+Extensions.h */ = {isa = PBXFileReference; fileEncoding = 4; lastKnownFileType = sourcecode.c.h; path = "GHParser+Extensions.h"; sourceTree = "<group>"; };
		6D4B3A151E15FBAD00068878 /* GHParser+Extensions.m */ = {isa = PBXFileReference; fileEncoding = 4; lastKnownFileType = sourcecode.c.objc; path = "GHParser+Extensions.m"; sourceTree = "<group>"; };
		6D4B3A161E15FBAD00068878 /* GHParser.h */ = {isa = PBXFileReference; fileEncoding = 4; lastKnownFileType = sourcecode.c.h; path = GHParser.h; sourceTree = "<group>"; };
		6D4B3A171E15FBAD00068878 /* GHParser.m */ = {isa = PBXFileReference; fileEncoding = 4; lastKnownFileType = sourcecode.c.objc; path = GHParser.m; sourceTree = "<group>"; };
		6D4B3A181E15FBAD00068878 /* GHParserException.h */ = {isa = PBXFileReference; fileEncoding = 4; lastKnownFileType = sourcecode.c.h; path = GHParserException.h; sourceTree = "<group>"; };
		6D4B3A191E15FBAD00068878 /* GHParserException.m */ = {isa = PBXFileReference; fileEncoding = 4; lastKnownFileType = sourcecode.c.objc; path = GHParserException.m; sourceTree = "<group>"; };
		6D4B3A1A1E15FBAD00068878 /* GHScenario.h */ = {isa = PBXFileReference; fileEncoding = 4; lastKnownFileType = sourcecode.c.h; path = GHScenario.h; sourceTree = "<group>"; };
		6D4B3A1B1E15FBAD00068878 /* GHScenario.m */ = {isa = PBXFileReference; fileEncoding = 4; lastKnownFileType = sourcecode.c.objc; path = GHScenario.m; sourceTree = "<group>"; };
		6D4B3A1C1E15FBAD00068878 /* GHScenarioDefinition.h */ = {isa = PBXFileReference; fileEncoding = 4; lastKnownFileType = sourcecode.c.h; path = GHScenarioDefinition.h; sourceTree = "<group>"; };
		6D4B3A1D1E15FBAD00068878 /* GHScenarioDefinition.m */ = {isa = PBXFileReference; fileEncoding = 4; lastKnownFileType = sourcecode.c.objc; path = GHScenarioDefinition.m; sourceTree = "<group>"; };
		6D4B3A1E1E15FBAD00068878 /* GHScenarioDefinition_Private.h */ = {isa = PBXFileReference; fileEncoding = 4; lastKnownFileType = sourcecode.c.h; path = GHScenarioDefinition_Private.h; sourceTree = "<group>"; };
		6D4B3A1F1E15FBAD00068878 /* GHScenarioOutline.h */ = {isa = PBXFileReference; fileEncoding = 4; lastKnownFileType = sourcecode.c.h; path = GHScenarioOutline.h; sourceTree = "<group>"; };
		6D4B3A201E15FBAD00068878 /* GHScenarioOutline.m */ = {isa = PBXFileReference; fileEncoding = 4; lastKnownFileType = sourcecode.c.objc; path = GHScenarioOutline.m; sourceTree = "<group>"; };
		6D4B3A211E15FBAD00068878 /* GHStep.h */ = {isa = PBXFileReference; fileEncoding = 4; lastKnownFileType = sourcecode.c.h; path = GHStep.h; sourceTree = "<group>"; };
		6D4B3A221E15FBAD00068878 /* GHStep.m */ = {isa = PBXFileReference; fileEncoding = 4; lastKnownFileType = sourcecode.c.objc; path = GHStep.m; sourceTree = "<group>"; };
		6D4B3A231E15FBAD00068878 /* GHStepArgument.h */ = {isa = PBXFileReference; fileEncoding = 4; lastKnownFileType = sourcecode.c.h; path = GHStepArgument.h; sourceTree = "<group>"; };
		6D4B3A241E15FBAD00068878 /* GHStepArgument.m */ = {isa = PBXFileReference; fileEncoding = 4; lastKnownFileType = sourcecode.c.objc; path = GHStepArgument.m; sourceTree = "<group>"; };
		6D4B3A251E15FBAD00068878 /* GHTableCell.h */ = {isa = PBXFileReference; fileEncoding = 4; lastKnownFileType = sourcecode.c.h; path = GHTableCell.h; sourceTree = "<group>"; };
		6D4B3A261E15FBAD00068878 /* GHTableCell.m */ = {isa = PBXFileReference; fileEncoding = 4; lastKnownFileType = sourcecode.c.objc; path = GHTableCell.m; sourceTree = "<group>"; };
		6D4B3A271E15FBAD00068878 /* GHTableRow.h */ = {isa = PBXFileReference; fileEncoding = 4; lastKnownFileType = sourcecode.c.h; path = GHTableRow.h; sourceTree = "<group>"; };
		6D4B3A281E15FBAD00068878 /* GHTableRow.m */ = {isa = PBXFileReference; fileEncoding = 4; lastKnownFileType = sourcecode.c.objc; path = GHTableRow.m; sourceTree = "<group>"; };
		6D4B3A291E15FBAD00068878 /* GHTag.h */ = {isa = PBXFileReference; fileEncoding = 4; lastKnownFileType = sourcecode.c.h; path = GHTag.h; sourceTree = "<group>"; };
		6D4B3A2A1E15FBAD00068878 /* GHTag.m */ = {isa = PBXFileReference; fileEncoding = 4; lastKnownFileType = sourcecode.c.objc; path = GHTag.m; sourceTree = "<group>"; };
		6D4B3A2B1E15FBAD00068878 /* GHToken.h */ = {isa = PBXFileReference; fileEncoding = 4; lastKnownFileType = sourcecode.c.h; path = GHToken.h; sourceTree = "<group>"; };
		6D4B3A2C1E15FBAD00068878 /* GHToken.m */ = {isa = PBXFileReference; fileEncoding = 4; lastKnownFileType = sourcecode.c.objc; path = GHToken.m; sourceTree = "<group>"; };
		6D4B3A2D1E15FBAD00068878 /* GHTokenMatcher.h */ = {isa = PBXFileReference; fileEncoding = 4; lastKnownFileType = sourcecode.c.h; path = GHTokenMatcher.h; sourceTree = "<group>"; };
		6D4B3A2E1E15FBAD00068878 /* GHTokenMatcher.m */ = {isa = PBXFileReference; fileEncoding = 4; lastKnownFileType = sourcecode.c.objc; path = GHTokenMatcher.m; sourceTree = "<group>"; };
		6D4B3A2F1E15FBAD00068878 /* GHTokenScanner.h */ = {isa = PBXFileReference; fileEncoding = 4; lastKnownFileType = sourcecode.c.h; path = GHTokenScanner.h; sourceTree = "<group>"; };
		6D4B3A301E15FBAD00068878 /* GHTokenScanner.m */ = {isa = PBXFileReference; fileEncoding = 4; lastKnownFileType = sourcecode.c.objc; path = GHTokenScanner.m; sourceTree = "<group>"; };
		6D4B3A311E15FBAD00068878 /* NSString+Trim.h */ = {isa = PBXFileReference; fileEncoding = 4; lastKnownFileType = sourcecode.c.h; path = "NSString+Trim.h"; sourceTree = "<group>"; };
		6D4B3A321E15FBAD00068878 /* NSString+Trim.m */ = {isa = PBXFileReference; fileEncoding = 4; lastKnownFileType = sourcecode.c.objc; path = "NSString+Trim.m"; sourceTree = "<group>"; };
		6D4B3A341E15FBAD00068878 /* NSArray+Hashes.h */ = {isa = PBXFileReference; fileEncoding = 4; lastKnownFileType = sourcecode.c.h; path = "NSArray+Hashes.h"; sourceTree = "<group>"; };
		6D4B3A351E15FBAD00068878 /* NSArray+Hashes.m */ = {isa = PBXFileReference; fileEncoding = 4; lastKnownFileType = sourcecode.c.objc; path = "NSArray+Hashes.m"; sourceTree = "<group>"; };
		6D4B3A361E15FBAD00068878 /* NSObject+Dictionary.h */ = {isa = PBXFileReference; fileEncoding = 4; lastKnownFileType = sourcecode.c.h; path = "NSObject+Dictionary.h"; sourceTree = "<group>"; };
		6D4B3A371E15FBAD00068878 /* NSObject+Dictionary.m */ = {isa = PBXFileReference; fileEncoding = 4; lastKnownFileType = sourcecode.c.objc; path = "NSObject+Dictionary.m"; sourceTree = "<group>"; };
		6D4B3A381E15FBAD00068878 /* NSString+Formatter.h */ = {isa = PBXFileReference; fileEncoding = 4; lastKnownFileType = sourcecode.c.h; path = "NSString+Formatter.h"; sourceTree = "<group>"; };
		6D4B3A391E15FBAD00068878 /* NSString+Formatter.m */ = {isa = PBXFileReference; fileEncoding = 4; lastKnownFileType = sourcecode.c.objc; path = "NSString+Formatter.m"; sourceTree = "<group>"; };
		6D4B3A6C1E15FCCC00068878 /* Features */ = {isa = PBXFileReference; lastKnownFileType = folder; path = Features; sourceTree = "<group>"; };
		6D7F79F51E15092A00DBD588 /* SampleAppObjc.app */ = {isa = PBXFileReference; explicitFileType = wrapper.application; includeInIndex = 0; path = SampleAppObjc.app; sourceTree = BUILT_PRODUCTS_DIR; };
		6D7F79F91E15092A00DBD588 /* main.m */ = {isa = PBXFileReference; lastKnownFileType = sourcecode.c.objc; path = main.m; sourceTree = "<group>"; };
		6D7F79FB1E15092A00DBD588 /* AppDelegate.h */ = {isa = PBXFileReference; lastKnownFileType = sourcecode.c.h; path = AppDelegate.h; sourceTree = "<group>"; };
		6D7F79FC1E15092A00DBD588 /* AppDelegate.m */ = {isa = PBXFileReference; lastKnownFileType = sourcecode.c.objc; path = AppDelegate.m; sourceTree = "<group>"; };
		6D7F79FE1E15092A00DBD588 /* ViewController.h */ = {isa = PBXFileReference; lastKnownFileType = sourcecode.c.h; path = ViewController.h; sourceTree = "<group>"; };
		6D7F79FF1E15092A00DBD588 /* ViewController.m */ = {isa = PBXFileReference; lastKnownFileType = sourcecode.c.objc; path = ViewController.m; sourceTree = "<group>"; };
		6D7F7A021E15092A00DBD588 /* Base */ = {isa = PBXFileReference; lastKnownFileType = file.storyboard; name = Base; path = Base.lproj/Main.storyboard; sourceTree = "<group>"; };
		6D7F7A041E15092A00DBD588 /* Assets.xcassets */ = {isa = PBXFileReference; lastKnownFileType = folder.assetcatalog; path = Assets.xcassets; sourceTree = "<group>"; };
		6D7F7A071E15092A00DBD588 /* Base */ = {isa = PBXFileReference; lastKnownFileType = file.storyboard; name = Base; path = Base.lproj/LaunchScreen.storyboard; sourceTree = "<group>"; };
		6D7F7A091E15092A00DBD588 /* Info.plist */ = {isa = PBXFileReference; lastKnownFileType = text.plist.xml; path = Info.plist; sourceTree = "<group>"; };
		6D7F7A0E1E15092A00DBD588 /* SampleAppObjcTests.xctest */ = {isa = PBXFileReference; explicitFileType = wrapper.cfbundle; includeInIndex = 0; path = SampleAppObjcTests.xctest; sourceTree = BUILT_PRODUCTS_DIR; };
		6D7F7A121E15092A00DBD588 /* SampleAppObjcTests.m */ = {isa = PBXFileReference; lastKnownFileType = sourcecode.c.objc; path = SampleAppObjcTests.m; sourceTree = "<group>"; };
		6D7F7A141E15092A00DBD588 /* Info.plist */ = {isa = PBXFileReference; lastKnownFileType = text.plist.xml; path = Info.plist; sourceTree = "<group>"; };
		6D7F7A1D1E150A9200DBD588 /* SAFSignInViewController.h */ = {isa = PBXFileReference; fileEncoding = 4; lastKnownFileType = sourcecode.c.h; path = SAFSignInViewController.h; sourceTree = "<group>"; };
		6D7F7A1E1E150A9200DBD588 /* SAFSignInViewController.m */ = {isa = PBXFileReference; fileEncoding = 4; lastKnownFileType = sourcecode.c.objc; path = SAFSignInViewController.m; sourceTree = "<group>"; };
		6D7F7A201E150CE800DBD588 /* SAFCaculateRevenueViewController.h */ = {isa = PBXFileReference; fileEncoding = 4; lastKnownFileType = sourcecode.c.h; path = SAFCaculateRevenueViewController.h; sourceTree = "<group>"; };
		6D7F7A211E150CE800DBD588 /* SAFCaculateRevenueViewController.m */ = {isa = PBXFileReference; fileEncoding = 4; lastKnownFileType = sourcecode.c.objc; path = SAFCaculateRevenueViewController.m; sourceTree = "<group>"; };
		6D7F7A231E15108B00DBD588 /* Bank.h */ = {isa = PBXFileReference; fileEncoding = 4; lastKnownFileType = sourcecode.c.h; path = Bank.h; sourceTree = "<group>"; };
		6D7F7A241E15108B00DBD588 /* Bank.m */ = {isa = PBXFileReference; fileEncoding = 4; lastKnownFileType = sourcecode.c.objc; path = Bank.m; sourceTree = "<group>"; };
/* End PBXFileReference section */

/* Begin PBXFrameworksBuildPhase section */
		6D4B39B91E15FB8600068878 /* Frameworks */ = {
			isa = PBXFrameworksBuildPhase;
			buildActionMask = 2147483647;
			files = (
			);
			runOnlyForDeploymentPostprocessing = 0;
		};
		6D4B39BC1E15FB8600068878 /* Frameworks */ = {
			isa = PBXFrameworksBuildPhase;
			buildActionMask = 2147483647;
			files = (
			);
			runOnlyForDeploymentPostprocessing = 0;
		};
		6D7F79F21E15092A00DBD588 /* Frameworks */ = {
			isa = PBXFrameworksBuildPhase;
			buildActionMask = 2147483647;
			files = (
			);
			runOnlyForDeploymentPostprocessing = 0;
		};
		6D7F7A0B1E15092A00DBD588 /* Frameworks */ = {
			isa = PBXFrameworksBuildPhase;
			buildActionMask = 2147483647;
			files = (
			);
			runOnlyForDeploymentPostprocessing = 0;
		};
/* End PBXFrameworksBuildPhase section */

/* Begin PBXGroup section */
		6D4B39C01E15FB8600068878 /* CucumberishUITest */ = {
			isa = PBXGroup;
			children = (
				6D4B3A6C1E15FCCC00068878 /* Features */,
				6D4B39CB1E15FBAD00068878 /* Cucumberish */,
				6D4B39C11E15FB8600068878 /* CucumberishUITest.swift */,
				6D4B39C31E15FB8600068878 /* CucumberishUITest-Bridging-Header.h */,
				6D4B39C41E15FB8600068878 /* CucumberishUITest.h */,
				6D4B39C51E15FB8600068878 /* CucumberishUITest.m */,
				6D4B39C71E15FB8600068878 /* Info.plist */,
			);
			path = CucumberishUITest;
			sourceTree = "<group>";
		};
		6D4B39CB1E15FBAD00068878 /* Cucumberish */ = {
			isa = PBXGroup;
			children = (
				6D4B39CC1E15FBAD00068878 /* Core */,
				6D4B39E81E15FBAD00068878 /* Cucumberish.h */,
				6D4B39E91E15FBAD00068878 /* Cucumberish.m */,
				6D4B39EA1E15FBAD00068878 /* Dependencies */,
				6D4B3A331E15FBAD00068878 /* Utils */,
			);
			path = Cucumberish;
			sourceTree = "<group>";
		};
		6D4B39CC1E15FBAD00068878 /* Core */ = {
			isa = PBXGroup;
			children = (
				6D4B39CD1E15FBAD00068878 /* CCIBlockDefinitions.h */,
				6D4B39CE1E15FBAD00068878 /* Managers */,
				6D4B39D31E15FBAD00068878 /* Models */,
			);
			path = Core;
			sourceTree = "<group>";
		};
		6D4B39CE1E15FBAD00068878 /* Managers */ = {
			isa = PBXGroup;
			children = (
				6D4B39CF1E15FBAD00068878 /* CCIFeaturesManager.h */,
				6D4B39D01E15FBAD00068878 /* CCIFeaturesManager.m */,
				6D4B39D11E15FBAD00068878 /* CCIStepsManager.h */,
				6D4B39D21E15FBAD00068878 /* CCIStepsManager.m */,
			);
			path = Managers;
			sourceTree = "<group>";
		};
		6D4B39D31E15FBAD00068878 /* Models */ = {
			isa = PBXGroup;
			children = (
				6D4B39D41E15FBAD00068878 /* CCIArgument.h */,
				6D4B39D51E15FBAD00068878 /* CCIArgument.m */,
				6D4B39D61E15FBAD00068878 /* CCIAroundHock.h */,
				6D4B39D71E15FBAD00068878 /* CCIAroundHock.m */,
				6D4B39D81E15FBAD00068878 /* CCIBackground.h */,
				6D4B39D91E15FBAD00068878 /* CCIBackground.m */,
				6D4B39DA1E15FBAD00068878 /* CCIExample.h */,
				6D4B39DB1E15FBAD00068878 /* CCIExample.m */,
				6D4B39DC1E15FBAD00068878 /* CCIFeature.h */,
				6D4B39DD1E15FBAD00068878 /* CCIFeature.m */,
				6D4B39DE1E15FBAD00068878 /* CCIHock.h */,
				6D4B39DF1E15FBAD00068878 /* CCIHock.m */,
				6D4B39E01E15FBAD00068878 /* CCILocation.h */,
				6D4B39E11E15FBAD00068878 /* CCILocation.m */,
				6D4B39E21E15FBAD00068878 /* CCIScenarioDefinition.h */,
				6D4B39E31E15FBAD00068878 /* CCIScenarioDefinition.m */,
				6D4B39E41E15FBAD00068878 /* CCIStep.h */,
				6D4B39E51E15FBAD00068878 /* CCIStep.m */,
				6D4B39E61E15FBAD00068878 /* CCIStepDefinition.h */,
				6D4B39E71E15FBAD00068878 /* CCIStepDefinition.m */,
			);
			path = Models;
			sourceTree = "<group>";
		};
		6D4B39EA1E15FBAD00068878 /* Dependencies */ = {
			isa = PBXGroup;
			children = (
				6D4B39EB1E15FBAD00068878 /* Gherkin */,
			);
			path = Dependencies;
			sourceTree = "<group>";
		};
		6D4B39EB1E15FBAD00068878 /* Gherkin */ = {
			isa = PBXGroup;
			children = (
				6D4B39EC1E15FBAD00068878 /* GHAstBuilder.h */,
				6D4B39ED1E15FBAD00068878 /* GHAstBuilder.m */,
				6D4B39EE1E15FBAD00068878 /* GHAstNode.h */,
				6D4B39EF1E15FBAD00068878 /* GHAstNode.m */,
				6D4B39F01E15FBAD00068878 /* GHBackground.h */,
				6D4B39F11E15FBAD00068878 /* GHBackground.m */,
				6D4B39F21E15FBAD00068878 /* GHComment.h */,
				6D4B39F31E15FBAD00068878 /* GHComment.m */,
				6D4B39F41E15FBAD00068878 /* GHDataTable.h */,
				6D4B39F51E15FBAD00068878 /* GHDataTable.m */,
				6D4B39F61E15FBAD00068878 /* GHDocString.h */,
				6D4B39F71E15FBAD00068878 /* GHDocString.m */,
				6D4B39F81E15FBAD00068878 /* gherkin-languages.json */,
				6D4B39F91E15FBAD00068878 /* GHExamples.h */,
				6D4B39FA1E15FBAD00068878 /* GHExamples.m */,
				6D4B39FB1E15FBAD00068878 /* GHFeature.h */,
				6D4B39FC1E15FBAD00068878 /* GHFeature.m */,
				6D4B39FD1E15FBAD00068878 /* GHGherkinDialect.h */,
				6D4B39FE1E15FBAD00068878 /* GHGherkinDialect.m */,
				6D4B39FF1E15FBAD00068878 /* GHGherkinDialectProvider.h */,
				6D4B3A001E15FBAD00068878 /* GHGherkinDialectProvider.m */,
				6D4B3A011E15FBAD00068878 /* GHGherkinDialectProviderProtocol.h */,
				6D4B3A021E15FBAD00068878 /* GHGherkinLanguageConstants.h */,
				6D4B3A031E15FBAD00068878 /* GHGherkinLanguageConstants.m */,
				6D4B3A041E15FBAD00068878 /* GHGherkinLanguageSetting.h */,
				6D4B3A051E15FBAD00068878 /* GHGherkinLanguageSetting.m */,
				6D4B3A061E15FBAD00068878 /* GHGherkinLine.h */,
				6D4B3A071E15FBAD00068878 /* GHGherkinLine.m */,
				6D4B3A081E15FBAD00068878 /* GHGherkinLineProtocol.h */,
				6D4B3A091E15FBAD00068878 /* GHGherkinLineSpan.h */,
				6D4B3A0A1E15FBAD00068878 /* GHGherkinLineSpan.m */,
				6D4B3A0B1E15FBAD00068878 /* GHHasDescriptionProtocol.h */,
				6D4B3A0C1E15FBAD00068878 /* GHHasLocationProtocol.h */,
				6D4B3A0D1E15FBAD00068878 /* GHHasRowsProtocol.h */,
				6D4B3A0E1E15FBAD00068878 /* GHHasStepsProtocol.h */,
				6D4B3A0F1E15FBAD00068878 /* GHHasTagsProtocol.h */,
				6D4B3A101E15FBAD00068878 /* GHLocation.h */,
				6D4B3A111E15FBAD00068878 /* GHLocation.m */,
				6D4B3A121E15FBAD00068878 /* GHNode.h */,
				6D4B3A131E15FBAD00068878 /* GHNode.m */,
				6D4B3A141E15FBAD00068878 /* GHParser+Extensions.h */,
				6D4B3A151E15FBAD00068878 /* GHParser+Extensions.m */,
				6D4B3A161E15FBAD00068878 /* GHParser.h */,
				6D4B3A171E15FBAD00068878 /* GHParser.m */,
				6D4B3A181E15FBAD00068878 /* GHParserException.h */,
				6D4B3A191E15FBAD00068878 /* GHParserException.m */,
				6D4B3A1A1E15FBAD00068878 /* GHScenario.h */,
				6D4B3A1B1E15FBAD00068878 /* GHScenario.m */,
				6D4B3A1C1E15FBAD00068878 /* GHScenarioDefinition.h */,
				6D4B3A1D1E15FBAD00068878 /* GHScenarioDefinition.m */,
				6D4B3A1E1E15FBAD00068878 /* GHScenarioDefinition_Private.h */,
				6D4B3A1F1E15FBAD00068878 /* GHScenarioOutline.h */,
				6D4B3A201E15FBAD00068878 /* GHScenarioOutline.m */,
				6D4B3A211E15FBAD00068878 /* GHStep.h */,
				6D4B3A221E15FBAD00068878 /* GHStep.m */,
				6D4B3A231E15FBAD00068878 /* GHStepArgument.h */,
				6D4B3A241E15FBAD00068878 /* GHStepArgument.m */,
				6D4B3A251E15FBAD00068878 /* GHTableCell.h */,
				6D4B3A261E15FBAD00068878 /* GHTableCell.m */,
				6D4B3A271E15FBAD00068878 /* GHTableRow.h */,
				6D4B3A281E15FBAD00068878 /* GHTableRow.m */,
				6D4B3A291E15FBAD00068878 /* GHTag.h */,
				6D4B3A2A1E15FBAD00068878 /* GHTag.m */,
				6D4B3A2B1E15FBAD00068878 /* GHToken.h */,
				6D4B3A2C1E15FBAD00068878 /* GHToken.m */,
				6D4B3A2D1E15FBAD00068878 /* GHTokenMatcher.h */,
				6D4B3A2E1E15FBAD00068878 /* GHTokenMatcher.m */,
				6D4B3A2F1E15FBAD00068878 /* GHTokenScanner.h */,
				6D4B3A301E15FBAD00068878 /* GHTokenScanner.m */,
				6D4B3A311E15FBAD00068878 /* NSString+Trim.h */,
				6D4B3A321E15FBAD00068878 /* NSString+Trim.m */,
			);
			path = Gherkin;
			sourceTree = "<group>";
		};
		6D4B3A331E15FBAD00068878 /* Utils */ = {
			isa = PBXGroup;
			children = (
				6D4B3A341E15FBAD00068878 /* NSArray+Hashes.h */,
				6D4B3A351E15FBAD00068878 /* NSArray+Hashes.m */,
				6D4B3A361E15FBAD00068878 /* NSObject+Dictionary.h */,
				6D4B3A371E15FBAD00068878 /* NSObject+Dictionary.m */,
				6D4B3A381E15FBAD00068878 /* NSString+Formatter.h */,
				6D4B3A391E15FBAD00068878 /* NSString+Formatter.m */,
			);
			path = Utils;
			sourceTree = "<group>";
		};
		6D7F79EC1E15092A00DBD588 = {
			isa = PBXGroup;
			children = (
				6D7F79F71E15092A00DBD588 /* SampleAppObjc */,
				6D7F7A111E15092A00DBD588 /* SampleAppObjcTests */,
				6D4B39C01E15FB8600068878 /* CucumberishUITest */,
				6D7F79F61E15092A00DBD588 /* Products */,
			);
			sourceTree = "<group>";
		};
		6D7F79F61E15092A00DBD588 /* Products */ = {
			isa = PBXGroup;
			children = (
				6D7F79F51E15092A00DBD588 /* SampleAppObjc.app */,
				6D7F7A0E1E15092A00DBD588 /* SampleAppObjcTests.xctest */,
				6D4B39BF1E15FB8600068878 /* CucumberishUITest.xctest */,
			);
			name = Products;
			sourceTree = "<group>";
		};
		6D7F79F71E15092A00DBD588 /* SampleAppObjc */ = {
			isa = PBXGroup;
			children = (
				6D7F79FB1E15092A00DBD588 /* AppDelegate.h */,
				6D7F79FC1E15092A00DBD588 /* AppDelegate.m */,
				6D7F79FE1E15092A00DBD588 /* ViewController.h */,
				6D7F79FF1E15092A00DBD588 /* ViewController.m */,
				6D7F7A011E15092A00DBD588 /* Main.storyboard */,
				6D7F7A041E15092A00DBD588 /* Assets.xcassets */,
				6D7F7A061E15092A00DBD588 /* LaunchScreen.storyboard */,
				6D7F7A091E15092A00DBD588 /* Info.plist */,
				6D7F79F81E15092A00DBD588 /* Supporting Files */,
				6D7F7A1D1E150A9200DBD588 /* SAFSignInViewController.h */,
				6D7F7A1E1E150A9200DBD588 /* SAFSignInViewController.m */,
				6D7F7A201E150CE800DBD588 /* SAFCaculateRevenueViewController.h */,
				6D7F7A211E150CE800DBD588 /* SAFCaculateRevenueViewController.m */,
				6D7F7A231E15108B00DBD588 /* Bank.h */,
				6D7F7A241E15108B00DBD588 /* Bank.m */,
			);
			path = SampleAppObjc;
			sourceTree = "<group>";
		};
		6D7F79F81E15092A00DBD588 /* Supporting Files */ = {
			isa = PBXGroup;
			children = (
				6D7F79F91E15092A00DBD588 /* main.m */,
			);
			name = "Supporting Files";
			sourceTree = "<group>";
		};
		6D7F7A111E15092A00DBD588 /* SampleAppObjcTests */ = {
			isa = PBXGroup;
			children = (
				6D7F7A121E15092A00DBD588 /* SampleAppObjcTests.m */,
				6D7F7A141E15092A00DBD588 /* Info.plist */,
			);
			path = SampleAppObjcTests;
			sourceTree = "<group>";
		};
/* End PBXGroup section */

/* Begin PBXNativeTarget section */
		6D4B39BE1E15FB8600068878 /* CucumberishUITest */ = {
			isa = PBXNativeTarget;
			buildConfigurationList = 6D4B39CA1E15FB8600068878 /* Build configuration list for PBXNativeTarget "CucumberishUITest" */;
			buildPhases = (
				6D4B39B81E15FB8600068878 /* Sources */,
				6D4B39B91E15FB8600068878 /* Frameworks */,
				6D4B39BA1E15FB8600068878 /* Resources */,
				6D4B39BB1E15FB8600068878 /* Sources */,
				6D4B39BC1E15FB8600068878 /* Frameworks */,
				6D4B39BD1E15FB8600068878 /* Resources */,
			);
			buildRules = (
			);
			dependencies = (
				6D4B3A6F1E15FE5700068878 /* PBXTargetDependency */,
			);
			name = CucumberishUITest;
			productName = CucumberishUITest;
			productReference = 6D4B39BF1E15FB8600068878 /* CucumberishUITest.xctest */;
			productType = "com.apple.product-type.bundle.ui-testing";
		};
		6D7F79F41E15092A00DBD588 /* SampleAppObjc */ = {
			isa = PBXNativeTarget;
			buildConfigurationList = 6D7F7A171E15092A00DBD588 /* Build configuration list for PBXNativeTarget "SampleAppObjc" */;
			buildPhases = (
				6D7F79F11E15092A00DBD588 /* Sources */,
				6D7F79F21E15092A00DBD588 /* Frameworks */,
				6D7F79F31E15092A00DBD588 /* Resources */,
			);
			buildRules = (
			);
			dependencies = (
			);
			name = SampleAppObjc;
			productName = SampleAppObjc;
			productReference = 6D7F79F51E15092A00DBD588 /* SampleAppObjc.app */;
			productType = "com.apple.product-type.application";
		};
		6D7F7A0D1E15092A00DBD588 /* SampleAppObjcTests */ = {
			isa = PBXNativeTarget;
			buildConfigurationList = 6D7F7A1A1E15092A00DBD588 /* Build configuration list for PBXNativeTarget "SampleAppObjcTests" */;
			buildPhases = (
				6D7F7A0A1E15092A00DBD588 /* Sources */,
				6D7F7A0B1E15092A00DBD588 /* Frameworks */,
				6D7F7A0C1E15092A00DBD588 /* Resources */,
			);
			buildRules = (
			);
			dependencies = (
				6D7F7A101E15092A00DBD588 /* PBXTargetDependency */,
			);
			name = SampleAppObjcTests;
			productName = SampleAppObjcTests;
			productReference = 6D7F7A0E1E15092A00DBD588 /* SampleAppObjcTests.xctest */;
			productType = "com.apple.product-type.bundle.unit-test";
		};
/* End PBXNativeTarget section */

/* Begin PBXProject section */
		6D7F79ED1E15092A00DBD588 /* Project object */ = {
			isa = PBXProject;
			attributes = {
				LastSwiftUpdateCheck = 0810;
				LastUpgradeCheck = 0810;
				ORGANIZATIONNAME = JackyChen;
				TargetAttributes = {
					6D4B39BE1E15FB8600068878 = {
						CreatedOnToolsVersion = 8.1;
						DevelopmentTeam = NAX24929CJ;
						ProvisioningStyle = Automatic;
						TestTargetID = 6D7F79F41E15092A00DBD588;
					};
					6D7F79F41E15092A00DBD588 = {
						CreatedOnToolsVersion = 8.1;
						DevelopmentTeam = NAX24929CJ;
						ProvisioningStyle = Automatic;
					};
					6D7F7A0D1E15092A00DBD588 = {
						CreatedOnToolsVersion = 8.1;
						DevelopmentTeam = NAX24929CJ;
						ProvisioningStyle = Automatic;
					};
				};
			};
			buildConfigurationList = 6D7F79F01E15092A00DBD588 /* Build configuration list for PBXProject "SampleAppObjc" */;
			compatibilityVersion = "Xcode 3.2";
			developmentRegion = English;
			hasScannedForEncodings = 0;
			knownRegions = (
				en,
				Base,
			);
			mainGroup = 6D7F79EC1E15092A00DBD588;
			productRefGroup = 6D7F79F61E15092A00DBD588 /* Products */;
			projectDirPath = "";
			projectRoot = "";
			targets = (
				6D7F79F41E15092A00DBD588 /* SampleAppObjc */,
				6D7F7A0D1E15092A00DBD588 /* SampleAppObjcTests */,
				6D4B39BE1E15FB8600068878 /* CucumberishUITest */,
			);
		};
/* End PBXProject section */

/* Begin PBXResourcesBuildPhase section */
		6D4B39BA1E15FB8600068878 /* Resources */ = {
			isa = PBXResourcesBuildPhase;
			buildActionMask = 2147483647;
			files = (
				6D4B3A4D1E15FBAD00068878 /* gherkin-languages.json in Resources */,
				6D4B3A6D1E15FCCC00068878 /* Features in Resources */,
			);
			runOnlyForDeploymentPostprocessing = 0;
		};
		6D4B39BD1E15FB8600068878 /* Resources */ = {
			isa = PBXResourcesBuildPhase;
			buildActionMask = 2147483647;
			files = (
			);
			runOnlyForDeploymentPostprocessing = 0;
		};
		6D7F79F31E15092A00DBD588 /* Resources */ = {
			isa = PBXResourcesBuildPhase;
			buildActionMask = 2147483647;
			files = (
				6D7F7A081E15092A00DBD588 /* LaunchScreen.storyboard in Resources */,
				6D7F7A051E15092A00DBD588 /* Assets.xcassets in Resources */,
				6D7F7A031E15092A00DBD588 /* Main.storyboard in Resources */,
			);
			runOnlyForDeploymentPostprocessing = 0;
		};
		6D7F7A0C1E15092A00DBD588 /* Resources */ = {
			isa = PBXResourcesBuildPhase;
			buildActionMask = 2147483647;
			files = (
			);
			runOnlyForDeploymentPostprocessing = 0;
		};
/* End PBXResourcesBuildPhase section */

/* Begin PBXSourcesBuildPhase section */
		6D4B39B81E15FB8600068878 /* Sources */ = {
			isa = PBXSourcesBuildPhase;
			buildActionMask = 2147483647;
			files = (
				6D4B3A4A1E15FBAD00068878 /* GHComment.m in Sources */,
				6D4B39C61E15FB8600068878 /* CucumberishUITest.m in Sources */,
				6D4B3A591E15FBAD00068878 /* GHParser.m in Sources */,
				6D4B3A3B1E15FBAD00068878 /* CCIStepsManager.m in Sources */,
				6D4B3A5E1E15FBAD00068878 /* GHStep.m in Sources */,
				6D4B3A491E15FBAD00068878 /* GHBackground.m in Sources */,
				6D4B3A5A1E15FBAD00068878 /* GHParserException.m in Sources */,
				6D4B3A601E15FBAD00068878 /* GHTableCell.m in Sources */,
				6D4B3A431E15FBAD00068878 /* CCIScenarioDefinition.m in Sources */,
				6D4B3A681E15FBAD00068878 /* NSObject+Dictionary.m in Sources */,
				6D4B3A621E15FBAD00068878 /* GHTag.m in Sources */,
				6D4B3A631E15FBAD00068878 /* GHToken.m in Sources */,
				6D4B3A641E15FBAD00068878 /* GHTokenMatcher.m in Sources */,
				6D4B3A511E15FBAD00068878 /* GHGherkinDialectProvider.m in Sources */,
				6D4B3A4F1E15FBAD00068878 /* GHFeature.m in Sources */,
				6D4B3A581E15FBAD00068878 /* GHParser+Extensions.m in Sources */,
				6D4B3A5B1E15FBAD00068878 /* GHScenario.m in Sources */,
				6D4B3A561E15FBAD00068878 /* GHLocation.m in Sources */,
				6D4B3A651E15FBAD00068878 /* GHTokenScanner.m in Sources */,
				6D4B3A521E15FBAD00068878 /* GHGherkinLanguageConstants.m in Sources */,
				6D4B3A4B1E15FBAD00068878 /* GHDataTable.m in Sources */,
				6D4B3A3F1E15FBAD00068878 /* CCIExample.m in Sources */,
				6D4B3A451E15FBAD00068878 /* CCIStepDefinition.m in Sources */,
				6D4B3A401E15FBAD00068878 /* CCIFeature.m in Sources */,
				6D4B3A5C1E15FBAD00068878 /* GHScenarioDefinition.m in Sources */,
				6D4B3A5D1E15FBAD00068878 /* GHScenarioOutline.m in Sources */,
				6D4B3A501E15FBAD00068878 /* GHGherkinDialect.m in Sources */,
				6D4B3A4C1E15FBAD00068878 /* GHDocString.m in Sources */,
				6D4B3A3A1E15FBAD00068878 /* CCIFeaturesManager.m in Sources */,
				6D4B3A471E15FBAD00068878 /* GHAstBuilder.m in Sources */,
				6D4B3A571E15FBAD00068878 /* GHNode.m in Sources */,
				6D4B3A3D1E15FBAD00068878 /* CCIAroundHock.m in Sources */,
				6D4B3A481E15FBAD00068878 /* GHAstNode.m in Sources */,
				6D4B3A691E15FBAD00068878 /* NSString+Formatter.m in Sources */,
				6D4B3A671E15FBAD00068878 /* NSArray+Hashes.m in Sources */,
				6D4B3A3C1E15FBAD00068878 /* CCIArgument.m in Sources */,
				6D4B3A4E1E15FBAD00068878 /* GHExamples.m in Sources */,
				6D4B3A611E15FBAD00068878 /* GHTableRow.m in Sources */,
				6D4B3A3E1E15FBAD00068878 /* CCIBackground.m in Sources */,
				6D4B3A531E15FBAD00068878 /* GHGherkinLanguageSetting.m in Sources */,
				6D4B3A411E15FBAD00068878 /* CCIHock.m in Sources */,
				6D4B3A551E15FBAD00068878 /* GHGherkinLineSpan.m in Sources */,
				6D4B3A441E15FBAD00068878 /* CCIStep.m in Sources */,
				6D4B39C21E15FB8600068878 /* CucumberishUITest.swift in Sources */,
				6D4B3A541E15FBAD00068878 /* GHGherkinLine.m in Sources */,
				6D4B3A421E15FBAD00068878 /* CCILocation.m in Sources */,
				6D4B3A661E15FBAD00068878 /* NSString+Trim.m in Sources */,
				6D4B3A461E15FBAD00068878 /* Cucumberish.m in Sources */,
				6D4B3A5F1E15FBAD00068878 /* GHStepArgument.m in Sources */,
			);
			runOnlyForDeploymentPostprocessing = 0;
		};
		6D4B39BB1E15FB8600068878 /* Sources */ = {
			isa = PBXSourcesBuildPhase;
			buildActionMask = 2147483647;
			files = (
			);
			runOnlyForDeploymentPostprocessing = 0;
		};
		6D7F79F11E15092A00DBD588 /* Sources */ = {
			isa = PBXSourcesBuildPhase;
			buildActionMask = 2147483647;
			files = (
				6D7F7A001E15092A00DBD588 /* ViewController.m in Sources */,
				6D7F7A1F1E150A9200DBD588 /* SAFSignInViewController.m in Sources */,
				6D7F79FD1E15092A00DBD588 /* AppDelegate.m in Sources */,
				6D7F7A221E150CE800DBD588 /* SAFCaculateRevenueViewController.m in Sources */,
				6D7F79FA1E15092A00DBD588 /* main.m in Sources */,
				6D7F7A251E15108B00DBD588 /* Bank.m in Sources */,
			);
			runOnlyForDeploymentPostprocessing = 0;
		};
		6D7F7A0A1E15092A00DBD588 /* Sources */ = {
			isa = PBXSourcesBuildPhase;
			buildActionMask = 2147483647;
			files = (
				6D7F7A131E15092A00DBD588 /* SampleAppObjcTests.m in Sources */,
				6D7788AA1E23864800FFA898 /* Bank.m in Sources */,
			);
			runOnlyForDeploymentPostprocessing = 0;
		};
/* End PBXSourcesBuildPhase section */

/* Begin PBXTargetDependency section */
		6D4B3A6F1E15FE5700068878 /* PBXTargetDependency */ = {
			isa = PBXTargetDependency;
			target = 6D7F79F41E15092A00DBD588 /* SampleAppObjc */;
			targetProxy = 6D4B3A6E1E15FE5700068878 /* PBXContainerItemProxy */;
		};
		6D7F7A101E15092A00DBD588 /* PBXTargetDependency */ = {
			isa = PBXTargetDependency;
			target = 6D7F79F41E15092A00DBD588 /* SampleAppObjc */;
			targetProxy = 6D7F7A0F1E15092A00DBD588 /* PBXContainerItemProxy */;
		};
/* End PBXTargetDependency section */

/* Begin PBXVariantGroup section */
		6D7F7A011E15092A00DBD588 /* Main.storyboard */ = {
			isa = PBXVariantGroup;
			children = (
				6D7F7A021E15092A00DBD588 /* Base */,
			);
			name = Main.storyboard;
			sourceTree = "<group>";
		};
		6D7F7A061E15092A00DBD588 /* LaunchScreen.storyboard */ = {
			isa = PBXVariantGroup;
			children = (
				6D7F7A071E15092A00DBD588 /* Base */,
			);
			name = LaunchScreen.storyboard;
			sourceTree = "<group>";
		};
/* End PBXVariantGroup section */

/* Begin XCBuildConfiguration section */
		6D4B39C81E15FB8600068878 /* Debug */ = {
			isa = XCBuildConfiguration;
			buildSettings = {
				DEVELOPMENT_TEAM = NAX24929CJ;
				GCC_PREPROCESSOR_DEFINITIONS = (
					"DEBUG=1",
					"$(inherited)",
					"SRC_ROOT=@\\\"$(SRCROOT)\\\"",
				);
				INFOPLIST_FILE = CucumberishUITest/Info.plist;
				LD_RUNPATH_SEARCH_PATHS = "$(inherited) @executable_path/Frameworks @loader_path/Frameworks";
				PRODUCT_BUNDLE_IDENTIFIER = tw.com.cathaylife.CucumberishUITest;
				PRODUCT_NAME = "$(TARGET_NAME)";
				SRC_ROOT = "@\\\"$(SRCROOT)\\\"";
				SWIFT_ACTIVE_COMPILATION_CONDITIONS = DEBUG;
				SWIFT_OBJC_BRIDGING_HEADER = "CucumberishUITest/CucumberishUITest-Bridging-Header.h";
				SWIFT_OPTIMIZATION_LEVEL = "-Onone";
				SWIFT_VERSION = 3.0;
				TEST_TARGET_NAME = SampleAppObjc;
			};
			name = Debug;
		};
		6D4B39C91E15FB8600068878 /* Release */ = {
			isa = XCBuildConfiguration;
			buildSettings = {
				DEVELOPMENT_TEAM = NAX24929CJ;
				GCC_PREPROCESSOR_DEFINITIONS = (
					"DEBUG=1",
					"$(inherited)",
					"SRC_ROOT=@\\\"$(SRCROOT)\\\"",
				);
				INFOPLIST_FILE = CucumberishUITest/Info.plist;
				LD_RUNPATH_SEARCH_PATHS = "$(inherited) @executable_path/Frameworks @loader_path/Frameworks";
				PRODUCT_BUNDLE_IDENTIFIER = tw.com.cathaylife.CucumberishUITest;
				PRODUCT_NAME = "$(TARGET_NAME)";
				SWIFT_OBJC_BRIDGING_HEADER = "CucumberishUITest/CucumberishUITest-Bridging-Header.h";
				SWIFT_OPTIMIZATION_LEVEL = "-Owholemodule";
				SWIFT_VERSION = 3.0;
				TEST_TARGET_NAME = SampleAppObjc;
			};
			name = Release;
		};
		6D7F7A151E15092A00DBD588 /* Debug */ = {
			isa = XCBuildConfiguration;
			buildSettings = {
				ALWAYS_SEARCH_USER_PATHS = NO;
				CLANG_ANALYZER_NONNULL = YES;
				CLANG_CXX_LANGUAGE_STANDARD = "gnu++0x";
				CLANG_CXX_LIBRARY = "libc++";
				CLANG_ENABLE_MODULES = YES;
				CLANG_ENABLE_OBJC_ARC = YES;
				CLANG_WARN_BOOL_CONVERSION = YES;
				CLANG_WARN_CONSTANT_CONVERSION = YES;
				CLANG_WARN_DIRECT_OBJC_ISA_USAGE = YES_ERROR;
				CLANG_WARN_DOCUMENTATION_COMMENTS = YES;
				CLANG_WARN_EMPTY_BODY = YES;
				CLANG_WARN_ENUM_CONVERSION = YES;
				CLANG_WARN_INFINITE_RECURSION = YES;
				CLANG_WARN_INT_CONVERSION = YES;
				CLANG_WARN_OBJC_ROOT_CLASS = YES_ERROR;
				CLANG_WARN_SUSPICIOUS_MOVES = YES;
				CLANG_WARN_UNREACHABLE_CODE = YES;
				CLANG_WARN__DUPLICATE_METHOD_MATCH = YES;
				"CODE_SIGN_IDENTITY[sdk=iphoneos*]" = "iPhone Developer";
				COPY_PHASE_STRIP = NO;
				DEBUG_INFORMATION_FORMAT = dwarf;
				ENABLE_STRICT_OBJC_MSGSEND = YES;
				ENABLE_TESTABILITY = YES;
				GCC_C_LANGUAGE_STANDARD = gnu99;
				GCC_DYNAMIC_NO_PIC = NO;
				GCC_NO_COMMON_BLOCKS = YES;
				GCC_OPTIMIZATION_LEVEL = 0;
				GCC_PREPROCESSOR_DEFINITIONS = (
					"DEBUG=1",
					"$(inherited)",
				);
				GCC_WARN_64_TO_32_BIT_CONVERSION = YES;
				GCC_WARN_ABOUT_RETURN_TYPE = YES_ERROR;
				GCC_WARN_UNDECLARED_SELECTOR = YES;
				GCC_WARN_UNINITIALIZED_AUTOS = YES_AGGRESSIVE;
				GCC_WARN_UNUSED_FUNCTION = YES;
				GCC_WARN_UNUSED_VARIABLE = YES;
				IPHONEOS_DEPLOYMENT_TARGET = 10.1;
				MTL_ENABLE_DEBUG_INFO = YES;
				ONLY_ACTIVE_ARCH = YES;
				SDKROOT = iphoneos;
			};
			name = Debug;
		};
		6D7F7A161E15092A00DBD588 /* Release */ = {
			isa = XCBuildConfiguration;
			buildSettings = {
				ALWAYS_SEARCH_USER_PATHS = NO;
				CLANG_ANALYZER_NONNULL = YES;
				CLANG_CXX_LANGUAGE_STANDARD = "gnu++0x";
				CLANG_CXX_LIBRARY = "libc++";
				CLANG_ENABLE_MODULES = YES;
				CLANG_ENABLE_OBJC_ARC = YES;
				CLANG_WARN_BOOL_CONVERSION = YES;
				CLANG_WARN_CONSTANT_CONVERSION = YES;
				CLANG_WARN_DIRECT_OBJC_ISA_USAGE = YES_ERROR;
				CLANG_WARN_DOCUMENTATION_COMMENTS = YES;
				CLANG_WARN_EMPTY_BODY = YES;
				CLANG_WARN_ENUM_CONVERSION = YES;
				CLANG_WARN_INFINITE_RECURSION = YES;
				CLANG_WARN_INT_CONVERSION = YES;
				CLANG_WARN_OBJC_ROOT_CLASS = YES_ERROR;
				CLANG_WARN_SUSPICIOUS_MOVES = YES;
				CLANG_WARN_UNREACHABLE_CODE = YES;
				CLANG_WARN__DUPLICATE_METHOD_MATCH = YES;
				"CODE_SIGN_IDENTITY[sdk=iphoneos*]" = "iPhone Developer";
				COPY_PHASE_STRIP = NO;
				DEBUG_INFORMATION_FORMAT = "dwarf-with-dsym";
				ENABLE_NS_ASSERTIONS = NO;
				ENABLE_STRICT_OBJC_MSGSEND = YES;
				GCC_C_LANGUAGE_STANDARD = gnu99;
				GCC_NO_COMMON_BLOCKS = YES;
				GCC_WARN_64_TO_32_BIT_CONVERSION = YES;
				GCC_WARN_ABOUT_RETURN_TYPE = YES_ERROR;
				GCC_WARN_UNDECLARED_SELECTOR = YES;
				GCC_WARN_UNINITIALIZED_AUTOS = YES_AGGRESSIVE;
				GCC_WARN_UNUSED_FUNCTION = YES;
				GCC_WARN_UNUSED_VARIABLE = YES;
				IPHONEOS_DEPLOYMENT_TARGET = 10.1;
				MTL_ENABLE_DEBUG_INFO = NO;
				SDKROOT = iphoneos;
				VALIDATE_PRODUCT = YES;
			};
			name = Release;
		};
		6D7F7A181E15092A00DBD588 /* Debug */ = {
			isa = XCBuildConfiguration;
			buildSettings = {
				ASSETCATALOG_COMPILER_APPICON_NAME = AppIcon;
				DEVELOPMENT_TEAM = NAX24929CJ;
				INFOPLIST_FILE = SampleAppObjc/Info.plist;
				LD_RUNPATH_SEARCH_PATHS = "$(inherited) @executable_path/Frameworks";
				PRODUCT_BUNDLE_IDENTIFIER = tw.com.cathaylife.SampleAppObjc;
				PRODUCT_NAME = "$(TARGET_NAME)";
			};
			name = Debug;
		};
		6D7F7A191E15092A00DBD588 /* Release */ = {
			isa = XCBuildConfiguration;
			buildSettings = {
				ASSETCATALOG_COMPILER_APPICON_NAME = AppIcon;
				DEVELOPMENT_TEAM = NAX24929CJ;
				INFOPLIST_FILE = SampleAppObjc/Info.plist;
				LD_RUNPATH_SEARCH_PATHS = "$(inherited) @executable_path/Frameworks";
				PRODUCT_BUNDLE_IDENTIFIER = tw.com.cathaylife.SampleAppObjc;
				PRODUCT_NAME = "$(TARGET_NAME)";
			};
			name = Release;
		};
		6D7F7A1B1E15092A00DBD588 /* Debug */ = {
			isa = XCBuildConfiguration;
			buildSettings = {
				DEVELOPMENT_TEAM = NAX24929CJ;
				INFOPLIST_FILE = SampleAppObjcTests/Info.plist;
				LD_RUNPATH_SEARCH_PATHS = "$(inherited) @executable_path/Frameworks @loader_path/Frameworks";
				PRODUCT_BUNDLE_IDENTIFIER = tw.com.cathaylife.SampleAppObjcTests;
				PRODUCT_NAME = "$(TARGET_NAME)";
			};
			name = Debug;
		};
		6D7F7A1C1E15092A00DBD588 /* Release */ = {
			isa = XCBuildConfiguration;
			buildSettings = {
				DEVELOPMENT_TEAM = NAX24929CJ;
				INFOPLIST_FILE = SampleAppObjcTests/Info.plist;
				LD_RUNPATH_SEARCH_PATHS = "$(inherited) @executable_path/Frameworks @loader_path/Frameworks";
				PRODUCT_BUNDLE_IDENTIFIER = tw.com.cathaylife.SampleAppObjcTests;
				PRODUCT_NAME = "$(TARGET_NAME)";
			};
			name = Release;
		};
/* End XCBuildConfiguration section */

/* Begin XCConfigurationList section */
		6D4B39CA1E15FB8600068878 /* Build configuration list for PBXNativeTarget "CucumberishUITest" */ = {
			isa = XCConfigurationList;
			buildConfigurations = (
				6D4B39C81E15FB8600068878 /* Debug */,
				6D4B39C91E15FB8600068878 /* Release */,
			);
			defaultConfigurationIsVisible = 0;
			defaultConfigurationName = Release;
		};
		6D7F79F01E15092A00DBD588 /* Build configuration list for PBXProject "SampleAppObjc" */ = {
			isa = XCConfigurationList;
			buildConfigurations = (
				6D7F7A151E15092A00DBD588 /* Debug */,
				6D7F7A161E15092A00DBD588 /* Release */,
			);
			defaultConfigurationIsVisible = 0;
			defaultConfigurationName = Release;
		};
		6D7F7A171E15092A00DBD588 /* Build configuration list for PBXNativeTarget "SampleAppObjc" */ = {
			isa = XCConfigurationList;
			buildConfigurations = (
				6D7F7A181E15092A00DBD588 /* Debug */,
				6D7F7A191E15092A00DBD588 /* Release */,
			);
			defaultConfigurationIsVisible = 0;
			defaultConfigurationName = Release;
		};
		6D7F7A1A1E15092A00DBD588 /* Build configuration list for PBXNativeTarget "SampleAppObjcTests" */ = {
			isa = XCConfigurationList;
			buildConfigurations = (
				6D7F7A1B1E15092A00DBD588 /* Debug */,
				6D7F7A1C1E15092A00DBD588 /* Release */,
			);
			defaultConfigurationIsVisible = 0;
			defaultConfigurationName = Release;
		};
/* End XCConfigurationList section */
	};
	rootObject = 6D7F79ED1E15092A00DBD588 /* Project object */;
}
